
Microsoft Visual Studio Solution File, Format Version 12.00
# Visual Studio Version 17
VisualStudioVersion = 17.9.34414.90
MinimumVisualStudioVersion = 10.0.40219.1
Project("{2150E333-8FDC-42A3-9474-1A3956D46DE8}") = "sample", "sample", "{A4956394-4BE4-4C5A-BDD3-59F439A1FD98}"
EndProject
Project("{2150E333-8FDC-42A3-9474-1A3956D46DE8}") = "Solution Items", "Solution Items", "{FE0466FD-1CF3-4D08-B3B2-B6E0EB476831}"
	ProjectSection(SolutionItems) = preProject
		LICENSE.txt = LICENSE.txt
		TODO.txt = TODO.txt
	EndProjectSection
EndProject
Project("{9A19103F-16F7-4668-BE54-9A1E7A4F7556}") = "GeneratedExam", "sample\GeneratedExam\GeneratedExam.csproj", "{61CFBCD6-A21C-46CA-8264-5F21A0467F18}"
EndProject
Project("{2150E333-8FDC-42A3-9474-1A3956D46DE8}") = "tests", "tests", "{8E033618-BADE-4A6C-AC14-56EF722D8F61}"
EndProject
Project("{9A19103F-16F7-4668-BE54-9A1E7A4F7556}") = "MyOrderApp", "sample\MyOrderApp\MyOrderApp.csproj", "{ACC42464-7EAF-446F-8CD9-3D64C97ADA1A}"
EndProject
Project("{9A19103F-16F7-4668-BE54-9A1E7A4F7556}") = "MyFinance", "sample\MyFinance\MyFinance.csproj", "{0F20FD8E-1997-4953-8B28-FC2AB893CF4F}"
EndProject
Project("{2150E333-8FDC-42A3-9474-1A3956D46DE8}") = "src", "src", "{9F405AEA-B646-47DD-A094-B4DA5F087273}"
EndProject
Project("{9A19103F-16F7-4668-BE54-9A1E7A4F7556}") = "FmgLib.MauiMarkup", "src\FmgLib.MauiMarkup\FmgLib.MauiMarkup.csproj", "{D2A04B78-1200-47E4-8DD4-F36BBB31B323}"
EndProject
Project("{9A19103F-16F7-4668-BE54-9A1E7A4F7556}") = "FmgLib.MauiMarkup.Generator", "src\FmgLib.MauiMarkup.Generator\FmgLib.MauiMarkup.Generator.csproj", "{A0F9BAC1-D4D6-4ADB-9CA5-F536FCA0F06D}"
EndProject
Project("{9A19103F-16F7-4668-BE54-9A1E7A4F7556}") = "FmgLib.MauiMarkup.Generator.Test", "tests\FmgLib.MauiMarkup.Generator.Test\FmgLib.MauiMarkup.Generator.Test.csproj", "{DAC53472-0370-4B41-8A21-ECB0B8BD660C}"
EndProject
Global
	GlobalSection(SolutionConfigurationPlatforms) = preSolution
		Debug|Any CPU = Debug|Any CPU
		Release|Any CPU = Release|Any CPU
	EndGlobalSection
	GlobalSection(ProjectConfigurationPlatforms) = postSolution
		{61CFBCD6-A21C-46CA-8264-5F21A0467F18}.Debug|Any CPU.ActiveCfg = Debug|Any CPU
		{61CFBCD6-A21C-46CA-8264-5F21A0467F18}.Debug|Any CPU.Build.0 = Debug|Any CPU
		{61CFBCD6-A21C-46CA-8264-5F21A0467F18}.Release|Any CPU.ActiveCfg = Release|Any CPU
		{61CFBCD6-A21C-46CA-8264-5F21A0467F18}.Release|Any CPU.Build.0 = Release|Any CPU
		{ACC42464-7EAF-446F-8CD9-3D64C97ADA1A}.Debug|Any CPU.ActiveCfg = Debug|Any CPU
		{ACC42464-7EAF-446F-8CD9-3D64C97ADA1A}.Debug|Any CPU.Build.0 = Debug|Any CPU
		{ACC42464-7EAF-446F-8CD9-3D64C97ADA1A}.Debug|Any CPU.Deploy.0 = Debug|Any CPU
		{ACC42464-7EAF-446F-8CD9-3D64C97ADA1A}.Release|Any CPU.ActiveCfg = Release|Any CPU
		{ACC42464-7EAF-446F-8CD9-3D64C97ADA1A}.Release|Any CPU.Build.0 = Release|Any CPU
		{ACC42464-7EAF-446F-8CD9-3D64C97ADA1A}.Release|Any CPU.Deploy.0 = Release|Any CPU
		{0F20FD8E-1997-4953-8B28-FC2AB893CF4F}.Debug|Any CPU.ActiveCfg = Debug|Any CPU
		{0F20FD8E-1997-4953-8B28-FC2AB893CF4F}.Debug|Any CPU.Build.0 = Debug|Any CPU
		{0F20FD8E-1997-4953-8B28-FC2AB893CF4F}.Debug|Any CPU.Deploy.0 = Debug|Any CPU
		{0F20FD8E-1997-4953-8B28-FC2AB893CF4F}.Release|Any CPU.ActiveCfg = Release|Any CPU
		{0F20FD8E-1997-4953-8B28-FC2AB893CF4F}.Release|Any CPU.Build.0 = Release|Any CPU
		{0F20FD8E-1997-4953-8B28-FC2AB893CF4F}.Release|Any CPU.Deploy.0 = Release|Any CPU
		{D2A04B78-1200-47E4-8DD4-F36BBB31B323}.Debug|Any CPU.ActiveCfg = Debug|Any CPU
		{D2A04B78-1200-47E4-8DD4-F36BBB31B323}.Debug|Any CPU.Build.0 = Debug|Any CPU
		{D2A04B78-1200-47E4-8DD4-F36BBB31B323}.Release|Any CPU.ActiveCfg = Release|Any CPU
		{D2A04B78-1200-47E4-8DD4-F36BBB31B323}.Release|Any CPU.Build.0 = Release|Any CPU
		{A0F9BAC1-D4D6-4ADB-9CA5-F536FCA0F06D}.Debug|Any CPU.ActiveCfg = Debug|Any CPU
		{A0F9BAC1-D4D6-4ADB-9CA5-F536FCA0F06D}.Debug|Any CPU.Build.0 = Debug|Any CPU
		{A0F9BAC1-D4D6-4ADB-9CA5-F536FCA0F06D}.Release|Any CPU.ActiveCfg = Release|Any CPU
		{A0F9BAC1-D4D6-4ADB-9CA5-F536FCA0F06D}.Release|Any CPU.Build.0 = Release|Any CPU
		{DAC53472-0370-4B41-8A21-ECB0B8BD660C}.Debug|Any CPU.ActiveCfg = Debug|Any CPU
		{DAC53472-0370-4B41-8A21-ECB0B8BD660C}.Debug|Any CPU.Build.0 = Debug|Any CPU
		{DAC53472-0370-4B41-8A21-ECB0B8BD660C}.Release|Any CPU.ActiveCfg = Release|Any CPU
		{DAC53472-0370-4B41-8A21-ECB0B8BD660C}.Release|Any CPU.Build.0 = Release|Any CPU
	EndGlobalSection
	GlobalSection(SolutionProperties) = preSolution
		HideSolutionNode = FALSE
	EndGlobalSection
	GlobalSection(NestedProjects) = preSolution
		{61CFBCD6-A21C-46CA-8264-5F21A0467F18} = {A4956394-4BE4-4C5A-BDD3-59F439A1FD98}
		{ACC42464-7EAF-446F-8CD9-3D64C97ADA1A} = {A4956394-4BE4-4C5A-BDD3-59F439A1FD98}
		{0F20FD8E-1997-4953-8B28-FC2AB893CF4F} = {A4956394-4BE4-4C5A-BDD3-59F439A1FD98}
		{D2A04B78-1200-47E4-8DD4-F36BBB31B323} = {9F405AEA-B646-47DD-A094-B4DA5F087273}
		{A0F9BAC1-D4D6-4ADB-9CA5-F536FCA0F06D} = {9F405AEA-B646-47DD-A094-B4DA5F087273}
		{DAC53472-0370-4B41-8A21-ECB0B8BD660C} = {8E033618-BADE-4A6C-AC14-56EF722D8F61}
	EndGlobalSection
	GlobalSection(ExtensibilityGlobals) = postSolution
		SolutionGuid = {2698E1E7-D253-457B-AF1B-6754123E0A11}
	EndGlobalSection
EndGlobal
