
Microsoft Visual Studio Solution File, Format Version 12.00
# Visual Studio Version 17
VisualStudioVersion = 17.0.31912.275
MinimumVisualStudioVersion = 10.0.40219.1
Project("{FAE04EC0-301F-11D3-BF4B-00C04F79EFBC}") = "FmgLib.MauiMarkup.App", "FmgLib.MauiMarkup.App.csproj", "{92F3F228-F0FC-4E5E-88E3-7AC23E32A4BD}"
EndProject
Global
	GlobalSection(SolutionConfigurationPlatforms) = preSolution
		Debug|Any CPU = Debug|Any CPU
		Release|Any CPU = Release|Any CPU
	EndGlobalSection
	GlobalSection(ProjectConfigurationPlatforms) = postSolution
		{92F3F228-F0FC-4E5E-88E3-7AC23E32A4BD}.Debug|Any CPU.ActiveCfg = Debug|Any CPU
		{92F3F228-F0FC-4E5E-88E3-7AC23E32A4BD}.Debug|Any CPU.Build.0 = Debug|Any CPU
		{92F3F228-F0FC-4E5E-88E3-7AC23E32A4BD}.Release|Any CPU.ActiveCfg = Release|Any CPU
		{92F3F228-F0FC-4E5E-88E3-7AC23E32A4BD}.Release|Any CPU.Build.0 = Release|Any CPU
	EndGlobalSection
	GlobalSection(SolutionProperties) = preSolution
		HideSolutionNode = FALSE
	EndGlobalSection
EndGlobal
